
Microsoft Visual Studio Solution File, Format Version 12.00
# Visual Studio Version 17
VisualStudioVersion = 17.6.33815.320
MinimumVisualStudioVersion = 10.0.40219.1
Project("{FAE04EC0-301F-11D3-BF4B-00C04F79EFBC}") = "HelloooWorld", "HelloooWorld\HelloooWorld.csproj", "{1DDF1931-53B7-42B7-8023-F08674181325}"
EndProject
Global
	GlobalSection(SolutionConfigurationPlatforms) = preSolution
		Debug|Any CPU = Debug|Any CPU
		Release|Any CPU = Release|Any CPU
	EndGlobalSection
	GlobalSection(ProjectConfigurationPlatforms) = postSolution
		{1DDF1931-53B7-42B7-8023-F08674181325}.Debug|Any CPU.ActiveCfg = Debug|Any CPU
		{1DDF1931-53B7-42B7-8023-F08674181325}.Debug|Any CPU.Build.0 = Debug|Any CPU
		{1DDF1931-53B7-42B7-8023-F08674181325}.Release|Any CPU.ActiveCfg = Release|Any CPU
		{1DDF1931-53B7-42B7-8023-F08674181325}.Release|Any CPU.Build.0 = Release|Any CPU
	EndGlobalSection
	GlobalSection(SolutionProperties) = preSolution
		HideSolutionNode = FALSE
	EndGlobalSection
	GlobalSection(ExtensibilityGlobals) = postSolution
		SolutionGuid = {DB48D8AF-6CF5-4590-960A-EF91CFC40EA7}
	EndGlobalSection
EndGlobal
